
Microsoft Visual Studio Solution File, Format Version 12.00
# Visual Studio Version 16
VisualStudioVersion = 16.0.30907.101
MinimumVisualStudioVersion = 10.0.40219.1
Project("{FAE04EC0-301F-11D3-BF4B-00C04F79EFBC}") = "ProjAula15032021", "ProjAula15032021\ProjAula15032021.csproj", "{03DCBE83-3110-48C0-9A6A-CF6245503957}"
EndProject
Project("{FAE04EC0-301F-11D3-BF4B-00C04F79EFBC}") = "Model", "Model\Model.csproj", "{1885F25A-DBC1-4548-9C7B-7862461BA8F5}"
EndProject
Global
	GlobalSection(SolutionConfigurationPlatforms) = preSolution
		Debug|Any CPU = Debug|Any CPU
		Release|Any CPU = Release|Any CPU
	EndGlobalSection
	GlobalSection(ProjectConfigurationPlatforms) = postSolution
		{03DCBE83-3110-48C0-9A6A-CF6245503957}.Debug|Any CPU.ActiveCfg = Debug|Any CPU
		{03DCBE83-3110-48C0-9A6A-CF6245503957}.Debug|Any CPU.Build.0 = Debug|Any CPU
		{03DCBE83-3110-48C0-9A6A-CF6245503957}.Release|Any CPU.ActiveCfg = Release|Any CPU
		{03DCBE83-3110-48C0-9A6A-CF6245503957}.Release|Any CPU.Build.0 = Release|Any CPU
		{1885F25A-DBC1-4548-9C7B-7862461BA8F5}.Debug|Any CPU.ActiveCfg = Debug|Any CPU
		{1885F25A-DBC1-4548-9C7B-7862461BA8F5}.Debug|Any CPU.Build.0 = Debug|Any CPU
		{1885F25A-DBC1-4548-9C7B-7862461BA8F5}.Release|Any CPU.ActiveCfg = Release|Any CPU
		{1885F25A-DBC1-4548-9C7B-7862461BA8F5}.Release|Any CPU.Build.0 = Release|Any CPU
	EndGlobalSection
	GlobalSection(SolutionProperties) = preSolution
		HideSolutionNode = FALSE
	EndGlobalSection
	GlobalSection(ExtensibilityGlobals) = postSolution
		SolutionGuid = {9A624C3B-0AB0-4CC0-96BF-8542C19CFB27}
	EndGlobalSection
EndGlobal
